
Microsoft Visual Studio Solution File, Format Version 12.00
# Visual Studio Version 16
VisualStudioVersion = 16.0.30503.244
MinimumVisualStudioVersion = 10.0.40219.1
Project("{FAE04EC0-301F-11D3-BF4B-00C04F79EFBC}") = "Persons", "Persons\Persons.csproj", "{A19FE815-46EC-469E-BCE0-0381B77B9DE7}"
EndProject
Project("{FAE04EC0-301F-11D3-BF4B-00C04F79EFBC}") = "Salary", "Salary\Salary.csproj", "{7B11B05C-E9FB-457E-8EF1-4F02A48A23F8}"
EndProject
Project("{FAE04EC0-301F-11D3-BF4B-00C04F79EFBC}") = "DataValidation", "DataValidation\DataValidation.csproj", "{8388B689-EA35-4E74-BB7B-BAC81241A9C0}"
EndProject
Project("{FAE04EC0-301F-11D3-BF4B-00C04F79EFBC}") = "Team", "Team\Team.csproj", "{9BAAE372-EA44-4EAC-AB37-E4B0632DFD40}"
EndProject
Global
	GlobalSection(SolutionConfigurationPlatforms) = preSolution
		Debug|Any CPU = Debug|Any CPU
		Release|Any CPU = Release|Any CPU
	EndGlobalSection
	GlobalSection(ProjectConfigurationPlatforms) = postSolution
		{A19FE815-46EC-469E-BCE0-0381B77B9DE7}.Debug|Any CPU.ActiveCfg = Debug|Any CPU
		{A19FE815-46EC-469E-BCE0-0381B77B9DE7}.Debug|Any CPU.Build.0 = Debug|Any CPU
		{A19FE815-46EC-469E-BCE0-0381B77B9DE7}.Release|Any CPU.ActiveCfg = Release|Any CPU
		{A19FE815-46EC-469E-BCE0-0381B77B9DE7}.Release|Any CPU.Build.0 = Release|Any CPU
		{7B11B05C-E9FB-457E-8EF1-4F02A48A23F8}.Debug|Any CPU.ActiveCfg = Debug|Any CPU
		{7B11B05C-E9FB-457E-8EF1-4F02A48A23F8}.Debug|Any CPU.Build.0 = Debug|Any CPU
		{7B11B05C-E9FB-457E-8EF1-4F02A48A23F8}.Release|Any CPU.ActiveCfg = Release|Any CPU
		{7B11B05C-E9FB-457E-8EF1-4F02A48A23F8}.Release|Any CPU.Build.0 = Release|Any CPU
		{8388B689-EA35-4E74-BB7B-BAC81241A9C0}.Debug|Any CPU.ActiveCfg = Debug|Any CPU
		{8388B689-EA35-4E74-BB7B-BAC81241A9C0}.Debug|Any CPU.Build.0 = Debug|Any CPU
		{8388B689-EA35-4E74-BB7B-BAC81241A9C0}.Release|Any CPU.ActiveCfg = Release|Any CPU
		{8388B689-EA35-4E74-BB7B-BAC81241A9C0}.Release|Any CPU.Build.0 = Release|Any CPU
		{9BAAE372-EA44-4EAC-AB37-E4B0632DFD40}.Debug|Any CPU.ActiveCfg = Debug|Any CPU
		{9BAAE372-EA44-4EAC-AB37-E4B0632DFD40}.Debug|Any CPU.Build.0 = Debug|Any CPU
		{9BAAE372-EA44-4EAC-AB37-E4B0632DFD40}.Release|Any CPU.ActiveCfg = Release|Any CPU
		{9BAAE372-EA44-4EAC-AB37-E4B0632DFD40}.Release|Any CPU.Build.0 = Release|Any CPU
	EndGlobalSection
	GlobalSection(SolutionProperties) = preSolution
		HideSolutionNode = FALSE
	EndGlobalSection
	GlobalSection(ExtensibilityGlobals) = postSolution
		SolutionGuid = {3B0AC0DC-E402-4A0A-BE0F-C7505AEB30D5}
	EndGlobalSection
EndGlobal
