
Microsoft Visual Studio Solution File, Format Version 12.00
# Visual Studio Version 16
VisualStudioVersion = 16.0.31129.286
MinimumVisualStudioVersion = 10.0.40219.1
Project("{FAE04EC0-301F-11D3-BF4B-00C04F79EFBC}") = "DemoReflection", "DemoReflection\DemoReflection.csproj", "{C6F42C79-04B2-46AF-BA04-B018CA668606}"
EndProject
Global
	GlobalSection(SolutionConfigurationPlatforms) = preSolution
		Debug|Any CPU = Debug|Any CPU
		Release|Any CPU = Release|Any CPU
	EndGlobalSection
	GlobalSection(ProjectConfigurationPlatforms) = postSolution
		{C6F42C79-04B2-46AF-BA04-B018CA668606}.Debug|Any CPU.ActiveCfg = Debug|Any CPU
		{C6F42C79-04B2-46AF-BA04-B018CA668606}.Debug|Any CPU.Build.0 = Debug|Any CPU
		{C6F42C79-04B2-46AF-BA04-B018CA668606}.Release|Any CPU.ActiveCfg = Release|Any CPU
		{C6F42C79-04B2-46AF-BA04-B018CA668606}.Release|Any CPU.Build.0 = Release|Any CPU
	EndGlobalSection
	GlobalSection(SolutionProperties) = preSolution
		HideSolutionNode = FALSE
	EndGlobalSection
	GlobalSection(ExtensibilityGlobals) = postSolution
		SolutionGuid = {4B140D5E-75A5-4626-8FBF-B9C21A24377E}
	EndGlobalSection
EndGlobal
