
Microsoft Visual Studio Solution File, Format Version 12.00
# Visual Studio Version 16
VisualStudioVersion = 16.0.30503.244
MinimumVisualStudioVersion = 10.0.40219.1
Project("{FAE04EC0-301F-11D3-BF4B-00C04F79EFBC}") = "04.RandomList", "04.RandomList\04.RandomList.csproj", "{C9E359A3-5BBA-46D0-B1CC-14A33836FF31}"
EndProject
Project("{FAE04EC0-301F-11D3-BF4B-00C04F79EFBC}") = "01.SingleInheritance", "01.SingleInheritance\01.SingleInheritance.csproj", "{D50E5C21-E026-4CFD-ADD2-75F11B2B488E}"
EndProject
Project("{FAE04EC0-301F-11D3-BF4B-00C04F79EFBC}") = "02.MultipleInheritance", "02.MultipleInheritance\02.MultipleInheritance.csproj", "{D416676B-C9DD-409C-AB0C-22504C67C272}"
EndProject
Project("{FAE04EC0-301F-11D3-BF4B-00C04F79EFBC}") = "03.HierarchicalInheritance", "03.HierarchicalInheritance\03.HierarchicalInheritance.csproj", "{D70B622F-1881-414A-9859-3E2ACFEC01F2}"
EndProject
Project("{FAE04EC0-301F-11D3-BF4B-00C04F79EFBC}") = "05.StackOfStrings", "05.StackOfStrings\05.StackOfStrings.csproj", "{2B73F055-ED1F-4C98-B09C-8DD265CCE4F5}"
EndProject
Global
	GlobalSection(SolutionConfigurationPlatforms) = preSolution
		Debug|Any CPU = Debug|Any CPU
		Release|Any CPU = Release|Any CPU
	EndGlobalSection
	GlobalSection(ProjectConfigurationPlatforms) = postSolution
		{C9E359A3-5BBA-46D0-B1CC-14A33836FF31}.Debug|Any CPU.ActiveCfg = Debug|Any CPU
		{C9E359A3-5BBA-46D0-B1CC-14A33836FF31}.Debug|Any CPU.Build.0 = Debug|Any CPU
		{C9E359A3-5BBA-46D0-B1CC-14A33836FF31}.Release|Any CPU.ActiveCfg = Release|Any CPU
		{C9E359A3-5BBA-46D0-B1CC-14A33836FF31}.Release|Any CPU.Build.0 = Release|Any CPU
		{D50E5C21-E026-4CFD-ADD2-75F11B2B488E}.Debug|Any CPU.ActiveCfg = Debug|Any CPU
		{D50E5C21-E026-4CFD-ADD2-75F11B2B488E}.Debug|Any CPU.Build.0 = Debug|Any CPU
		{D50E5C21-E026-4CFD-ADD2-75F11B2B488E}.Release|Any CPU.ActiveCfg = Release|Any CPU
		{D50E5C21-E026-4CFD-ADD2-75F11B2B488E}.Release|Any CPU.Build.0 = Release|Any CPU
		{D416676B-C9DD-409C-AB0C-22504C67C272}.Debug|Any CPU.ActiveCfg = Debug|Any CPU
		{D416676B-C9DD-409C-AB0C-22504C67C272}.Debug|Any CPU.Build.0 = Debug|Any CPU
		{D416676B-C9DD-409C-AB0C-22504C67C272}.Release|Any CPU.ActiveCfg = Release|Any CPU
		{D416676B-C9DD-409C-AB0C-22504C67C272}.Release|Any CPU.Build.0 = Release|Any CPU
		{D70B622F-1881-414A-9859-3E2ACFEC01F2}.Debug|Any CPU.ActiveCfg = Debug|Any CPU
		{D70B622F-1881-414A-9859-3E2ACFEC01F2}.Debug|Any CPU.Build.0 = Debug|Any CPU
		{D70B622F-1881-414A-9859-3E2ACFEC01F2}.Release|Any CPU.ActiveCfg = Release|Any CPU
		{D70B622F-1881-414A-9859-3E2ACFEC01F2}.Release|Any CPU.Build.0 = Release|Any CPU
		{2B73F055-ED1F-4C98-B09C-8DD265CCE4F5}.Debug|Any CPU.ActiveCfg = Debug|Any CPU
		{2B73F055-ED1F-4C98-B09C-8DD265CCE4F5}.Debug|Any CPU.Build.0 = Debug|Any CPU
		{2B73F055-ED1F-4C98-B09C-8DD265CCE4F5}.Release|Any CPU.ActiveCfg = Release|Any CPU
		{2B73F055-ED1F-4C98-B09C-8DD265CCE4F5}.Release|Any CPU.Build.0 = Release|Any CPU
	EndGlobalSection
	GlobalSection(SolutionProperties) = preSolution
		HideSolutionNode = FALSE
	EndGlobalSection
	GlobalSection(ExtensibilityGlobals) = postSolution
		SolutionGuid = {E086578E-F91A-4DF7-9976-D941BE789121}
	EndGlobalSection
EndGlobal
