
Microsoft Visual Studio Solution File, Format Version 12.00
# Visual Studio Version 16
VisualStudioVersion = 16.0.30503.244
MinimumVisualStudioVersion = 10.0.40219.1
Project("{9A19103F-16F7-4668-BE54-9A1E7A4F7556}") = "PlayersAndMonsters", "PlayersAndMonsters.csproj", "{C508CBC3-6065-46F9-9199-907AD56090C1}"
EndProject
Global
	GlobalSection(SolutionConfigurationPlatforms) = preSolution
		Debug|Any CPU = Debug|Any CPU
		Release|Any CPU = Release|Any CPU
	EndGlobalSection
	GlobalSection(ProjectConfigurationPlatforms) = postSolution
		{C508CBC3-6065-46F9-9199-907AD56090C1}.Debug|Any CPU.ActiveCfg = Debug|Any CPU
		{C508CBC3-6065-46F9-9199-907AD56090C1}.Debug|Any CPU.Build.0 = Debug|Any CPU
		{C508CBC3-6065-46F9-9199-907AD56090C1}.Release|Any CPU.ActiveCfg = Release|Any CPU
		{C508CBC3-6065-46F9-9199-907AD56090C1}.Release|Any CPU.Build.0 = Release|Any CPU
	EndGlobalSection
	GlobalSection(SolutionProperties) = preSolution
		HideSolutionNode = FALSE
	EndGlobalSection
	GlobalSection(ExtensibilityGlobals) = postSolution
		SolutionGuid = {AD79FFC0-94B2-4302-8519-9799AF0EA3F4}
	EndGlobalSection
EndGlobal
